
Microsoft Visual Studio Solution File, Format Version 12.00
# Visual Studio Version 16
VisualStudioVersion = 16.0.30503.244
MinimumVisualStudioVersion = 10.0.40219.1
Project("{FAE04EC0-301F-11D3-BF4B-00C04F79EFBC}") = "WebApiDemo", "WebApiDemo.csproj", "{D7209D5E-F204-484F-AD89-B3194B50CFFF}"
EndProject
Global
	GlobalSection(SolutionConfigurationPlatforms) = preSolution
		Debug|Any CPU = Debug|Any CPU
		Release|Any CPU = Release|Any CPU
	EndGlobalSection
	GlobalSection(ProjectConfigurationPlatforms) = postSolution
		{D7209D5E-F204-484F-AD89-B3194B50CFFF}.Debug|Any CPU.ActiveCfg = Debug|Any CPU
		{D7209D5E-F204-484F-AD89-B3194B50CFFF}.Debug|Any CPU.Build.0 = Debug|Any CPU
		{D7209D5E-F204-484F-AD89-B3194B50CFFF}.Release|Any CPU.ActiveCfg = Release|Any CPU
		{D7209D5E-F204-484F-AD89-B3194B50CFFF}.Release|Any CPU.Build.0 = Release|Any CPU
	EndGlobalSection
	GlobalSection(SolutionProperties) = preSolution
		HideSolutionNode = FALSE
	EndGlobalSection
	GlobalSection(ExtensibilityGlobals) = postSolution
		SolutionGuid = {98821E80-5EB8-40FE-AF43-325855E03A06}
	EndGlobalSection
EndGlobal
